<?xml version="1.0" encoding="utf-8"?>
<Project ToolsVersion="4.0" xmlns="http://schemas.microsoft.com/developer/msbuild/2003">
  <ItemGroup>
    <Filter Include="Client"><UniqueIdentifier>{6C9E90CB-72E2-4C90-978A-34A3D9E2F282}</UniqueIdentifier></Filter>
    <Filter Include="Client\features"><UniqueIdentifier>{D7BE5E56-6D6E-4C9E-9C25-2A0F6B75E9F7}</UniqueIdentifier></Filter>
    <Filter Include="Vendor"><UniqueIdentifier>{96F50391-D9B3-45C0-A836-A1F911A65F17}</UniqueIdentifier></Filter>
    <Filter Include="Client\bootstrap"><UniqueIdentifier>{1F8A5737-C39D-40B4-9037-4D052B402DE6}</UniqueIdentifier></Filter>
    <Filter Include="Client\config"><UniqueIdentifier>{DC3E6FFD-5BB0-4530-B5DC-AE3A42732644}</UniqueIdentifier></Filter>
    <Filter Include="Client\features\hud"><UniqueIdentifier>{9530C4DE-DBF2-4200-BF88-5325B27D4EEB}</UniqueIdentifier></Filter>
    <Filter Include="Client\features\matchmaking"><UniqueIdentifier>{6785A860-5288-473D-B38E-40CF3C0F88FE}</UniqueIdentifier></Filter>
    <Filter Include="Client\features\movement"><UniqueIdentifier>{B2739C76-64D4-4C15-BB56-93AD941A3371}</UniqueIdentifier></Filter>
    <Filter Include="Client\features\skins"><UniqueIdentifier>{43BD0BF9-2255-48F1-A489-E687AEB30E4B}</UniqueIdentifier></Filter>
    <Filter Include="Client\game"><UniqueIdentifier>{0ADE84E1-7CC3-4C80-9B51-BCE19AB1C04C}</UniqueIdentifier></Filter>
    <Filter Include="Client\game\entities"><UniqueIdentifier>{5E39F83B-9352-43E8-8393-52B568EF6818}</UniqueIdentifier></Filter>
    <Filter Include="Client\game\interfaces"><UniqueIdentifier>{A3C69FEE-CAAD-425C-B25E-CC41D09CF4DF}</UniqueIdentifier></Filter>
    <Filter Include="Client\game\items"><UniqueIdentifier>{69B0B95F-C5ED-436B-A048-7A0FCCD593D0}</UniqueIdentifier></Filter>
    <Filter Include="Client\hooks"><UniqueIdentifier>{4FBDBB12-E333-4937-81C7-4077EF8F40D8}</UniqueIdentifier></Filter>
    <Filter Include="Client\math"><UniqueIdentifier>{08C8A215-DF35-4843-A35A-562626A5448A}</UniqueIdentifier></Filter>
    <Filter Include="Client\memory"><UniqueIdentifier>{5EE39042-F3DE-49DF-AB10-46F3423E9511}</UniqueIdentifier></Filter>
    <Filter Include="Client\platform"><UniqueIdentifier>{8A9F00F8-3964-41BF-BB12-C9AC1C147CBF}</UniqueIdentifier></Filter>
    <Filter Include="Client\render"><UniqueIdentifier>{A3D4887E-8FD2-4ACE-944E-CBBCBA1E8145}</UniqueIdentifier></Filter>
    <Filter Include="Client\runtime"><UniqueIdentifier>{F89FDEA0-04A8-4BA2-9858-E7FF9C351C28}</UniqueIdentifier></Filter>
    <Filter Include="Client\ui"><UniqueIdentifier>{5B7D360F-2E5E-493F-B3AB-402303C4F83C}</UniqueIdentifier></Filter>
    <Filter Include="Client\ui\tabs"><UniqueIdentifier>{455CD0E0-3B50-40BF-8D37-C1ED58808240}</UniqueIdentifier></Filter>
    <Filter Include="Vendor\imgui"><UniqueIdentifier>{F6E72CE7-485D-45FD-B1F4-C654A85502DE}</UniqueIdentifier></Filter>
    <Filter Include="Vendor\lazy_importer"><UniqueIdentifier>{D7AB1266-D012-4755-A884-4A9A290B8C26}</UniqueIdentifier></Filter>
    <Filter Include="Vendor\minhook"><UniqueIdentifier>{77490CD0-A965-4B2B-A047-F8C63CB1C501}</UniqueIdentifier></Filter>
    <Filter Include="Vendor\nlohmann"><UniqueIdentifier>{DC5ED870-2B32-4E06-9DA1-D3BF340990AD}</UniqueIdentifier></Filter>
    <Filter Include="Vendor\xorstr"><UniqueIdentifier>{1CF2F98D-9DE4-4C5F-945D-B594CA845025}</UniqueIdentifier></Filter>
  </ItemGroup>
  <ItemGroup>
    <ClCompile Include="..\..\src\client\bootstrap\DllMain.cpp"><Filter>Client\bootstrap</Filter></ClCompile>
    <ClCompile Include="..\..\src\client\config\ConfigStore.cpp"><Filter>Client\config</Filter></ClCompile>
    <ClCompile Include="..\..\src\client\features\hud\SpectatorList.cpp"><Filter>Client\features\hud</Filter></ClCompile>
    <ClCompile Include="..\..\src\client\features\matchmaking\AutoAccept.cpp"><Filter>Client\features\matchmaking</Filter></ClCompile>
    <ClCompile Include="..\..\src\client\features\movement\QuickStop.cpp"><Filter>Client\features\movement</Filter></ClCompile>
    <ClCompile Include="..\..\src\client\features\skins\GloveChanger.cpp"><Filter>Client\features\skins</Filter></ClCompile>
    <ClCompile Include="..\..\src\client\features\skins\AgentChanger.cpp"><Filter>Client\features\skins</Filter></ClCompile>
    <ClCompile Include="..\..\src\client\features\skins\SkinChanger.cpp"><Filter>Client\features\skins</Filter></ClCompile>
    <ClCompile Include="..\..\src\client\features\skins\SkinEventHandler.cpp"><Filter>Client\features\skins</Filter></ClCompile>
    <ClCompile Include="..\..\src\client\game\InterfaceRegistry.cpp"><Filter>Client\game</Filter></ClCompile>
    <ClCompile Include="..\..\src\client\game\interfaces\cs_usercmd.pb.cc"><Filter>Client\game\interfaces</Filter></ClCompile>
    <ClCompile Include="..\..\src\client\game\interfaces\i_localize.cpp"><Filter>Client\game\interfaces</Filter></ClCompile>
    <ClCompile Include="..\..\src\client\game\interfaces\mem_alloc.cpp"><Filter>Client\game\interfaces</Filter></ClCompile>
    <ClCompile Include="..\..\src\client\game\interfaces\netmessages.pb.cc"><Filter>Client\game\interfaces</Filter></ClCompile>
    <ClCompile Include="..\..\src\client\game\interfaces\network_connection.pb.cc"><Filter>Client\game\interfaces</Filter></ClCompile>
    <ClCompile Include="..\..\src\client\game\interfaces\networkbasetypes.pb.cc"><Filter>Client\game\interfaces</Filter></ClCompile>
    <ClCompile Include="..\..\src\client\game\interfaces\usercmd.pb.cc"><Filter>Client\game\interfaces</Filter></ClCompile>
    <ClCompile Include="..\..\src\client\game\interfaces\usermessages.pb.cc"><Filter>Client\game\interfaces</Filter></ClCompile>
    <ClCompile Include="..\..\src\client\game\items\EconItemAttributeManager.cpp"><Filter>Client\game\items</Filter></ClCompile>
    <ClCompile Include="..\..\src\client\game\items\ItemSchema.cpp"><Filter>Client\game\items</Filter></ClCompile>
    <ClCompile Include="..\..\src\client\game\ModuleRegistry.cpp"><Filter>Client\game</Filter></ClCompile>
    <ClCompile Include="..\..\src\client\game\SchemaRegistry.cpp"><Filter>Client\game</Filter></ClCompile>
    <ClCompile Include="..\..\src\client\hooks\HookManager.cpp"><Filter>Client\hooks</Filter></ClCompile>
    <ClCompile Include="..\..\src\client\memory\PatternScanner.cpp"><Filter>Client\memory</Filter></ClCompile>
    <ClCompile Include="..\..\src\client\render\Dx11Renderer.cpp"><Filter>Client\render</Filter></ClCompile>
    <ClCompile Include="..\..\src\client\runtime\Runtime.cpp"><Filter>Client\runtime</Filter></ClCompile>
    <ClCompile Include="..\..\src\client\ui\KeyNames.cpp"><Filter>Client\ui</Filter></ClCompile>
    <ClCompile Include="..\..\src\client\ui\Menu.cpp"><Filter>Client\ui</Filter></ClCompile>
    <ClCompile Include="..\..\src\client\ui\MenuAssets.cpp"><Filter>Client\ui</Filter></ClCompile>
    <ClCompile Include="..\..\src\client\ui\MenuGui.cpp"><Filter>Client\ui</Filter></ClCompile>
    <ClCompile Include="..\..\src\client\ui\tabs\SettingsTab.cpp"><Filter>Client\ui\tabs</Filter></ClCompile>
    <ClCompile Include="..\..\src\client\ui\tabs\SkinsTab.cpp"><Filter>Client\ui\tabs</Filter></ClCompile>
    <ClCompile Include="..\..\vendor\imgui\imgui.cpp"><Filter>Vendor\imgui</Filter></ClCompile>
    <ClCompile Include="..\..\vendor\imgui\imgui_draw.cpp"><Filter>Vendor\imgui</Filter></ClCompile>
    <ClCompile Include="..\..\vendor\imgui\imgui_impl_dx11.cpp"><Filter>Vendor\imgui</Filter></ClCompile>
    <ClCompile Include="..\..\vendor\imgui\imgui_impl_win32.cpp"><Filter>Vendor\imgui</Filter></ClCompile>
    <ClCompile Include="..\..\vendor\imgui\imgui_tables.cpp"><Filter>Vendor\imgui</Filter></ClCompile>
    <ClCompile Include="..\..\vendor\imgui\imgui_widgets.cpp"><Filter>Vendor\imgui</Filter></ClCompile>
    <ClCompile Include="..\..\vendor\minhook\buffer.c"><Filter>Vendor\minhook</Filter></ClCompile>
    <ClCompile Include="..\..\vendor\minhook\hde\hde32.c"><Filter>Vendor\minhook</Filter></ClCompile>
    <ClCompile Include="..\..\vendor\minhook\hde\hde64.c"><Filter>Vendor\minhook</Filter></ClCompile>
    <ClCompile Include="..\..\vendor\minhook\hook.c"><Filter>Vendor\minhook</Filter></ClCompile>
    <ClCompile Include="..\..\vendor\minhook\trampoline.c"><Filter>Vendor\minhook</Filter></ClCompile>
  </ItemGroup>
  <ItemGroup>
    <ClInclude Include="..\..\src\client\config\Config.hpp"><Filter>Client\config</Filter></ClInclude>
    <ClInclude Include="..\..\src\client\config\ConfigStore.hpp"><Filter>Client\config</Filter></ClInclude>
    <ClInclude Include="..\..\src\client\features\hud\SpectatorList.hpp"><Filter>Client\features\hud</Filter></ClInclude>
    <ClInclude Include="..\..\src\client\features\matchmaking\AutoAccept.hpp"><Filter>Client\features\matchmaking</Filter></ClInclude>
    <ClInclude Include="..\..\src\client\features\movement\QuickStop.hpp"><Filter>Client\features\movement</Filter></ClInclude>
    <ClInclude Include="..\..\src\client\features\skins\GloveChanger.hpp"><Filter>Client\features\skins</Filter></ClInclude>
    <ClInclude Include="..\..\src\client\features\skins\AgentChanger.hpp"><Filter>Client\features\skins</Filter></ClInclude>
    <ClInclude Include="..\..\src\client\features\skins\SkinChanger.hpp"><Filter>Client\features\skins</Filter></ClInclude>
    <ClInclude Include="..\..\src\client\features\skins\SkinEventHandler.hpp"><Filter>Client\features\skins</Filter></ClInclude>
    <ClInclude Include="..\..\src\client\game\entities\c_cs_player_pawn.hpp"><Filter>Client\game\entities</Filter></ClInclude>
    <ClInclude Include="..\..\src\client\game\entities\game_enums.hpp"><Filter>Client\game\entities</Filter></ClInclude>
    <ClInclude Include="..\..\src\client\game\entities\Handle.hpp"><Filter>Client\game\entities</Filter></ClInclude>
    <ClInclude Include="..\..\src\client\game\InterfaceRegistry.hpp"><Filter>Client\game</Filter></ClInclude>
    <ClInclude Include="..\..\src\client\game\interfaces\cs_usercmd.pb.h"><Filter>Client\game\interfaces</Filter></ClInclude>
    <ClInclude Include="..\..\src\client\game\interfaces\i_csgo_input.hpp"><Filter>Client\game\interfaces</Filter></ClInclude>
    <ClInclude Include="..\..\src\client\game\interfaces\i_econ_item_system.hpp"><Filter>Client\game\interfaces</Filter></ClInclude>
    <ClInclude Include="..\..\src\client\game\interfaces\i_entity_system.hpp"><Filter>Client\game\interfaces</Filter></ClInclude>
    <ClInclude Include="..\..\src\client\game\interfaces\i_file_system.hpp"><Filter>Client\game\interfaces</Filter></ClInclude>
    <ClInclude Include="..\..\src\client\game\interfaces\i_game_event.hpp"><Filter>Client\game\interfaces</Filter></ClInclude>
    <ClInclude Include="..\..\src\client\game\interfaces\i_localize.hpp"><Filter>Client\game\interfaces</Filter></ClInclude>
    <ClInclude Include="..\..\src\client\game\interfaces\i_mem_alloc.hpp"><Filter>Client\game\interfaces</Filter></ClInclude>
    <ClInclude Include="..\..\src\client\game\interfaces\i_schema_system.hpp"><Filter>Client\game\interfaces</Filter></ClInclude>
    <ClInclude Include="..\..\src\client\game\interfaces\netmessages.pb.h"><Filter>Client\game\interfaces</Filter></ClInclude>
    <ClInclude Include="..\..\src\client\game\interfaces\network_connection.pb.h"><Filter>Client\game\interfaces</Filter></ClInclude>
    <ClInclude Include="..\..\src\client\game\interfaces\networkbasetypes.pb.h"><Filter>Client\game\interfaces</Filter></ClInclude>
    <ClInclude Include="..\..\src\client\game\interfaces\usercmd.pb.h"><Filter>Client\game\interfaces</Filter></ClInclude>
    <ClInclude Include="..\..\src\client\game\interfaces\usermessages.pb.h"><Filter>Client\game\interfaces</Filter></ClInclude>
    <ClInclude Include="..\..\src\client\game\items\EconItemAttributeManager.hpp"><Filter>Client\game\items</Filter></ClInclude>
    <ClInclude Include="..\..\src\client\game\items\ItemSchema.hpp"><Filter>Client\game\items</Filter></ClInclude>
    <ClInclude Include="..\..\src\client\game\ModuleRegistry.hpp"><Filter>Client\game</Filter></ClInclude>
    <ClInclude Include="..\..\src\client\game\SchemaRegistry.hpp"><Filter>Client\game</Filter></ClInclude>
    <ClInclude Include="..\..\src\client\hooks\HookManager.hpp"><Filter>Client\hooks</Filter></ClInclude>
    <ClInclude Include="..\..\src\client\math\Vector.hpp"><Filter>Client\math</Filter></ClInclude>
    <ClInclude Include="..\..\src\client\memory\PatternScanner.hpp"><Filter>Client\memory</Filter></ClInclude>
    <ClInclude Include="..\..\src\client\memory\VTable.hpp"><Filter>Client\memory</Filter></ClInclude>
    <ClInclude Include="..\..\src\client\platform\ClientCore.hpp"><Filter>Client\platform</Filter></ClInclude>
    <ClInclude Include="..\..\src\client\platform\Console.hpp"><Filter>Client\platform</Filter></ClInclude>
    <ClInclude Include="..\..\src\client\platform\Hash.hpp"><Filter>Client\platform</Filter></ClInclude>
    <ClInclude Include="..\..\src\client\render\Dx11Renderer.hpp"><Filter>Client\render</Filter></ClInclude>
    <ClInclude Include="..\..\src\client\runtime\GameFrameContext.hpp"><Filter>Client\runtime</Filter></ClInclude>
    <ClInclude Include="..\..\src\client\runtime\Runtime.hpp"><Filter>Client\runtime</Filter></ClInclude>
    <ClInclude Include="..\..\src\client\runtime\ServiceAccess.hpp"><Filter>Client\runtime</Filter></ClInclude>
    <ClInclude Include="..\..\src\client\runtime\Services.hpp"><Filter>Client\runtime</Filter></ClInclude>
    <ClInclude Include="..\..\src\client\ui\KeyNames.hpp"><Filter>Client\ui</Filter></ClInclude>
    <ClInclude Include="..\..\src\client\ui\Menu.hpp"><Filter>Client\ui</Filter></ClInclude>
    <ClInclude Include="..\..\src\client\ui\MenuAssets.hpp"><Filter>Client\ui</Filter></ClInclude>
    <ClInclude Include="..\..\src\client\ui\MenuGui.hpp"><Filter>Client\ui</Filter></ClInclude>
    <ClInclude Include="..\..\src\client\ui\tabs\SettingsTab.hpp"><Filter>Client\ui\tabs</Filter></ClInclude>
    <ClInclude Include="..\..\src\client\ui\tabs\SkinsTab.hpp"><Filter>Client\ui\tabs</Filter></ClInclude>
    <ClInclude Include="..\..\vendor\imgui\imconfig.h"><Filter>Vendor\imgui</Filter></ClInclude>
    <ClInclude Include="..\..\vendor\imgui\imgui.h"><Filter>Vendor\imgui</Filter></ClInclude>
    <ClInclude Include="..\..\vendor\imgui\imgui_impl_dx11.h"><Filter>Vendor\imgui</Filter></ClInclude>
    <ClInclude Include="..\..\vendor\imgui\imgui_impl_win32.h"><Filter>Vendor\imgui</Filter></ClInclude>
    <ClInclude Include="..\..\vendor\imgui\imgui_internal.h"><Filter>Vendor\imgui</Filter></ClInclude>
    <ClInclude Include="..\..\vendor\lazy_importer\lazy_importer.hpp"><Filter>Vendor\lazy_importer</Filter></ClInclude>
    <ClInclude Include="..\..\vendor\minhook\MinHook.h"><Filter>Vendor\minhook</Filter></ClInclude>
    <ClInclude Include="..\..\vendor\minhook\buffer.h"><Filter>Vendor\minhook</Filter></ClInclude>
    <ClInclude Include="..\..\vendor\minhook\hde\hde32.h"><Filter>Vendor\minhook</Filter></ClInclude>
    <ClInclude Include="..\..\vendor\minhook\hde\hde64.h"><Filter>Vendor\minhook</Filter></ClInclude>
    <ClInclude Include="..\..\vendor\minhook\hde\pstdint.h"><Filter>Vendor\minhook</Filter></ClInclude>
    <ClInclude Include="..\..\vendor\minhook\hde\table32.h"><Filter>Vendor\minhook</Filter></ClInclude>
    <ClInclude Include="..\..\vendor\minhook\hde\table64.h"><Filter>Vendor\minhook</Filter></ClInclude>
    <ClInclude Include="..\..\vendor\minhook\trampoline.h"><Filter>Vendor\minhook</Filter></ClInclude>
    <ClInclude Include="..\..\vendor\nlohmann\json.hpp"><Filter>Vendor\nlohmann</Filter></ClInclude>
    <ClInclude Include="..\..\vendor\xorstr\xorstr.hpp"><Filter>Vendor\xorstr</Filter></ClInclude>
  </ItemGroup>
</Project>

