<?xml version="1.0" encoding="utf-8"?>
<Project ToolsVersion="4.0" xmlns="http://schemas.microsoft.com/developer/msbuild/2003">
  <ItemGroup>
    <Filter Include="Source Files">
      <UniqueIdentifier>{4FC737F1-C7A5-4376-A066-2A32D752A2FF}</UniqueIdentifier>
      <Extensions>cpp;c;cc;cxx;c++;cppm;ixx;def;odl;idl;hpj;bat;asm;asmx</Extensions>
    </Filter>
    <Filter Include="Header Files">
      <UniqueIdentifier>{93995380-89BD-4b04-88EB-625FBE52EBFB}</UniqueIdentifier>
      <Extensions>h;hh;hpp;hxx;h++;hm;inl;inc;ipp;xsd</Extensions>
    </Filter>
    <Filter Include="Resource Files">
      <UniqueIdentifier>{67DA6AB6-F800-4c08-8B7A-83BB121AAD01}</UniqueIdentifier>
      <Extensions>rc;ico;cur;bmp;dlg;rc2;rct;bin;rgs;gif;jpg;jpeg;jpe;resx;tiff;tif;png;wav;mfcribbon-ms</Extensions>
    </Filter>
  </ItemGroup>
  <ItemGroup>
    <ClCompile Include="deps\minhook\hde\hde32.c">
      <Filter>Source Files</Filter>
    </ClCompile>
    <ClCompile Include="deps\minhook\hde\hde64.c">
      <Filter>Source Files</Filter>
    </ClCompile>
    <ClCompile Include="deps\minhook\buffer.c">
      <Filter>Source Files</Filter>
    </ClCompile>
    <ClCompile Include="deps\minhook\hook.c">
      <Filter>Source Files</Filter>
    </ClCompile>
    <ClCompile Include="deps\minhook\trampoline.c">
      <Filter>Source Files</Filter>
    </ClCompile>
    <ClCompile Include="deps\imgui\imgui.cpp">
      <Filter>Source Files</Filter>
    </ClCompile>
    <ClCompile Include="deps\imgui\imgui_edited.cpp">
      <Filter>Source Files</Filter>
    </ClCompile>
    <ClCompile Include="deps\imgui\imgui_draw.cpp">
      <Filter>Source Files</Filter>
    </ClCompile>
    <ClCompile Include="deps\imgui\imgui_tables.cpp">
      <Filter>Source Files</Filter>
    </ClCompile>
    <ClCompile Include="deps\imgui\imgui_widgets.cpp">
      <Filter>Source Files</Filter>
    </ClCompile>
    <ClCompile Include="deps\imgui\backends\imgui_impl_dx11.cpp">
      <Filter>Source Files</Filter>
    </ClCompile>
    <ClCompile Include="deps\imgui\backends\imgui_impl_win32.cpp">
      <Filter>Source Files</Filter>
    </ClCompile>
    <ClCompile Include="core\cheats\animations\animations.cpp">
      <Filter>Source Files</Filter>
    </ClCompile>
    <ClCompile Include="core\cheats\antiaim\antiaim.cpp">
      <Filter>Source Files</Filter>
    </ClCompile>
    <ClCompile Include="core\cheats\autowall\wall.cpp">
      <Filter>Source Files</Filter>
    </ClCompile>
    <ClCompile Include="core\cheats\backtrack\record.cpp">
      <Filter>Source Files</Filter>
    </ClCompile>
    <ClCompile Include="core\cheats\chams\chams.cpp">
      <Filter>Source Files</Filter>
    </ClCompile>
    <ClCompile Include="core\cheats\legitbot\legitbot.cpp">
      <Filter>Source Files</Filter>
    </ClCompile>
    <ClCompile Include="core\cheats\movement\setup.cpp">
      <Filter>Source Files</Filter>
    </ClCompile>
    <ClCompile Include="core\cheats\prediction\prediction.cpp">
      <Filter>Source Files</Filter>
    </ClCompile>
    <ClCompile Include="core\cheats\ragebot\ragebot.cpp">
      <Filter>Source Files</Filter>
    </ClCompile>
    <ClCompile Include="core\cheats\skins\skins.cpp">
      <Filter>Source Files</Filter>
    </ClCompile>
    <ClCompile Include="core\cheats\subtick\subtick.cpp">
      <Filter>Source Files</Filter>
    </ClCompile>
    <ClCompile Include="core\cheats\visuals\camera\camera.cpp">
      <Filter>Source Files</Filter>
    </ClCompile>
    <ClCompile Include="core\cheats\visuals\grenades\grenade.cpp">
      <Filter>Source Files</Filter>
    </ClCompile>
    <ClCompile Include="core\cheats\visuals\player\player.cpp">
      <Filter>Source Files</Filter>
    </ClCompile>
    <ClCompile Include="core\cheats\visuals\preview\preview.cpp">
      <Filter>Source Files</Filter>
    </ClCompile>
    <ClCompile Include="core\cheats\visuals\radar\radar.cpp">
      <Filter>Source Files</Filter>
    </ClCompile>
    <ClCompile Include="core\cheats\visuals\world\effects.cpp">
      <Filter>Source Files</Filter>
    </ClCompile>
    <ClCompile Include="core\cheats\visuals\world\hitsound.cpp">
      <Filter>Source Files</Filter>
    </ClCompile>
    <ClCompile Include="core\cheats\visuals\world\world.cpp">
      <Filter>Source Files</Filter>
    </ClCompile>
    <ClCompile Include="core\cheats\visuals\proccess.cpp">
      <Filter>Source Files</Filter>
    </ClCompile>
    <ClCompile Include="core\helpers\vpk\DXT5Decoder.cpp">
      <Filter>Source Files</Filter>
    </ClCompile>
    <ClCompile Include="core\helpers\vpk\VTexParser.cpp">
      <Filter>Source Files</Filter>
    </ClCompile>
    <ClCompile Include="core\helpers\log.cpp">
      <Filter>Source Files</Filter>
    </ClCompile>
    <ClCompile Include="core\math\elements\matrix.cpp">
      <Filter>Source Files</Filter>
    </ClCompile>
    <ClCompile Include="core\math\elements\qangle.cpp">
      <Filter>Source Files</Filter>
    </ClCompile>
    <ClCompile Include="core\math\elements\quaterion.cpp">
      <Filter>Source Files</Filter>
    </ClCompile>
    <ClCompile Include="core\math\elements\vector.cpp">
      <Filter>Source Files</Filter>
    </ClCompile>
    <ClCompile Include="core\math\math.cpp">
      <Filter>Source Files</Filter>
    </ClCompile>
    <ClCompile Include="core\security\syscalls\syscall_manager.cxx">
      <Filter>Source Files</Filter>
    </ClCompile>
    <ClCompile Include="core\security\vac\anticheat.cpp">
      <Filter>Source Files</Filter>
    </ClCompile>
    <ClCompile Include="core\security\vac\symbols.cpp">
      <Filter>Source Files</Filter>
    </ClCompile>
    <ClCompile Include="core\core.cpp">
      <Filter>Source Files</Filter>
    </ClCompile>
    <ClCompile Include="core\utils\base64\base64.cpp">
      <Filter>Source Files</Filter>
    </ClCompile>
    <ClCompile Include="core\utils\configs\config.cpp">
      <Filter>Source Files</Filter>
    </ClCompile>
    <ClCompile Include="core\utils\hook\hooks.cpp">
      <Filter>Source Files</Filter>
    </ClCompile>
    <ClCompile Include="core\utils\render\d3d11\d3d11_manager.cpp">
      <Filter>Source Files</Filter>
    </ClCompile>
    <ClCompile Include="core\utils\render\d3d11\draw_manager.cpp">
      <Filter>Source Files</Filter>
    </ClCompile>
    <ClCompile Include="core\utils\render\d3d11\font.cpp">
      <Filter>Source Files</Filter>
    </ClCompile>
    <ClCompile Include="core\utils\render\d3d11\render_manager.cpp">
      <Filter>Source Files</Filter>
    </ClCompile>
    <ClCompile Include="core\utils\render\d3d11\tex_dict_dx11.cpp">
      <Filter>Source Files</Filter>
    </ClCompile>
    <ClCompile Include="core\utils\render\ui\font_awesome.cpp">
      <Filter>Source Files</Filter>
    </ClCompile>
    <ClCompile Include="core\utils\render\ui\menu.cpp">
      <Filter>Source Files</Filter>
    </ClCompile>
    <ClCompile Include="core\utils\render\blur.cpp">
      <Filter>Source Files</Filter>
    </ClCompile>
    <ClCompile Include="core\utils\render\render.cpp">
      <Filter>Source Files</Filter>
    </ClCompile>
    <ClCompile Include="core\utils\utils.cpp">
      <Filter>Source Files</Filter>
    </ClCompile>
    <ClCompile Include="core\sdk\sdk.cpp">
      <Filter>Source Files</Filter>
    </ClCompile>
    <ClCompile Include="core\sdk\addresses\entity.cpp">
      <Filter>Source Files</Filter>
    </ClCompile>
    <ClCompile Include="core\sdk\cache\cache_entity.cpp">
      <Filter>Source Files</Filter>
    </ClCompile>
    <ClCompile Include="core\sdk\datatypes\ckeyvalues\keyvalues.cpp">
      <Filter>Source Files</Filter>
    </ClCompile>
    <ClCompile Include="core\sdk\datatypes\cusercmd\repfieldcontainer.cpp">
      <Filter>Source Files</Filter>
    </ClCompile>
    <ClCompile Include="core\sdk\datatypes\cutlbuffer\kv3.cpp">
      <Filter>Source Files</Filter>
    </ClCompile>
    <ClCompile Include="core\sdk\datatypes\cutlbuffer\utlbuffer.cpp">
      <Filter>Source Files</Filter>
    </ClCompile>
    <ClCompile Include="core\sdk\datatypes\cutlmemory\utlfixedmemory.cpp">
      <Filter>Source Files</Filter>
    </ClCompile>
    <ClCompile Include="core\sdk\datatypes\serialize\serialize.cpp">
      <Filter>Source Files</Filter>
    </ClCompile>
    <ClCompile Include="core\sdk\interfaces\csgoinput.cpp">
      <Filter>Source Files</Filter>
    </ClCompile>
    <ClCompile Include="core\sdk\interfaces\engineclient.cpp">
      <Filter>Source Files</Filter>
    </ClCompile>
    <ClCompile Include="core\sdk\interfaces\entitysystem.cpp">
      <Filter>Source Files</Filter>
    </ClCompile>
    <ClCompile Include="core\sdk\interfaces\game_event.cpp">
      <Filter>Source Files</Filter>
    </ClCompile>
    <ClCompile Include="core\sdk\interfaces\inputsystem.cpp">
      <Filter>Source Files</Filter>
    </ClCompile>
    <ClCompile Include="core\sdk\interfaces\particles.cpp">
      <Filter>Source Files</Filter>
    </ClCompile>
    <ClCompile Include="core\sdk\interfaces\trace.cpp">
      <Filter>Source Files</Filter>
    </ClCompile>
    <ClCompile Include="core\sdk\schema\schema.cpp">
      <Filter>Source Files</Filter>
    </ClCompile>
  </ItemGroup>
  <ItemGroup>
    <ClInclude Include="deps\fnv1a\fnv1a.h">
      <Filter>Header Files</Filter>
    </ClInclude>
    <ClInclude Include="deps\xorstr\xorstr.h">
      <Filter>Header Files</Filter>
    </ClInclude>
    <ClInclude Include="deps\json\json.h">
      <Filter>Header Files</Filter>
    </ClInclude>
    <ClInclude Include="deps\minhook\hde\hde32.h">
      <Filter>Header Files</Filter>
    </ClInclude>
    <ClInclude Include="deps\minhook\hde\hde64.h">
      <Filter>Header Files</Filter>
    </ClInclude>
    <ClInclude Include="deps\minhook\hde\pstdint.h">
      <Filter>Header Files</Filter>
    </ClInclude>
    <ClInclude Include="deps\minhook\hde\table32.h">
      <Filter>Header Files</Filter>
    </ClInclude>
    <ClInclude Include="deps\minhook\hde\table64.h">
      <Filter>Header Files</Filter>
    </ClInclude>
    <ClInclude Include="deps\minhook\buffer.h">
      <Filter>Header Files</Filter>
    </ClInclude>
    <ClInclude Include="deps\minhook\minhook.h">
      <Filter>Header Files</Filter>
    </ClInclude>
    <ClInclude Include="deps\minhook\trampoline.h">
      <Filter>Header Files</Filter>
    </ClInclude>
    <ClInclude Include="core\sdk\datatypes\cdata\byteswap.h">
      <Filter>Header Files</Filter>
    </ClInclude>
    <ClInclude Include="core\sdk\datatypes\cdata\cinterlockedint.hpp">
      <Filter>Header Files</Filter>
    </ClInclude>
    <ClInclude Include="core\sdk\datatypes\cdata\datamap.h">
      <Filter>Header Files</Filter>
    </ClInclude>
    <ClInclude Include="core\sdk\datatypes\cdata\utllinkedlist.h">
      <Filter>Header Files</Filter>
    </ClInclude>
    <ClInclude Include="core\sdk\datatypes\cdata\utlmap.h">
      <Filter>Header Files</Filter>
    </ClInclude>
    <ClInclude Include="core\sdk\datatypes\cdata\utlrbtree.h">
      <Filter>Header Files</Filter>
    </ClInclude>
    <ClInclude Include="deps\imgui\imconfig.h">
      <Filter>Header Files</Filter>
    </ClInclude>
    <ClInclude Include="deps\imgui\imgui.h">
      <Filter>Header Files</Filter>
    </ClInclude>
    <ClInclude Include="deps\imgui\imgui_edited.hpp">
      <Filter>Header Files</Filter>
    </ClInclude>
    <ClInclude Include="deps\imgui\imgui_internal.h">
      <Filter>Header Files</Filter>
    </ClInclude>
    <ClInclude Include="deps\imgui\imstb_rectpack.h">
      <Filter>Header Files</Filter>
    </ClInclude>
    <ClInclude Include="deps\imgui\imstb_truetype.h">
      <Filter>Header Files</Filter>
    </ClInclude>
    <ClInclude Include="deps\imgui\imstb_textedit.h">
      <Filter>Header Files</Filter>
    </ClInclude>
    <ClInclude Include="deps\imgui\examples\example_win32_directx11\font.h">
      <Filter>Header Files</Filter>
    </ClInclude>
    <ClInclude Include="deps\imgui\backends\imgui_impl_dx11.h">
      <Filter>Header Files</Filter>
    </ClInclude>
    <ClInclude Include="deps\imgui\backends\imgui_impl_win32.h">
      <Filter>Header Files</Filter>
    </ClInclude>
    <ClInclude Include="deps\imgui\examples\example_win32_directx11\blur.hpp">
      <Filter>Header Files</Filter>
    </ClInclude>
    <ClInclude Include="deps\imgui\examples\example_win32_directx11\Image.h">
      <Filter>Header Files</Filter>
    </ClInclude>
    <ClInclude Include="deps\imgui\examples\example_win32_directx11\imgui_settings.h">
      <Filter>Header Files</Filter>
    </ClInclude>
    <ClInclude Include="deps\imgui\examples\example_win32_directx11\pshader.hpp">
      <Filter>Header Files</Filter>
    </ClInclude>
    <ClInclude Include="core\cheats\animations\animations.h">
      <Filter>Header Files</Filter>
    </ClInclude>
    <ClInclude Include="core\cheats\antiaim\antiaim.h">
      <Filter>Header Files</Filter>
    </ClInclude>
    <ClInclude Include="core\cheats\autowall\wall.h">
      <Filter>Header Files</Filter>
    </ClInclude>
    <ClInclude Include="core\cheats\backtrack\record.h">
      <Filter>Header Files</Filter>
    </ClInclude>
    <ClInclude Include="core\cheats\chams\chams.h">
      <Filter>Header Files</Filter>
    </ClInclude>
    <ClInclude Include="core\cheats\legitbot\legitbot.h">
      <Filter>Header Files</Filter>
    </ClInclude>
    <ClInclude Include="core\cheats\movement\setup.h">
      <Filter>Header Files</Filter>
    </ClInclude>
    <ClInclude Include="core\cheats\prediction\prediction.h">
      <Filter>Header Files</Filter>
    </ClInclude>
    <ClInclude Include="core\cheats\ragebot\ragebot.h">
      <Filter>Header Files</Filter>
    </ClInclude>
    <ClInclude Include="core\cheats\skins\inventory.h">
      <Filter>Header Files</Filter>
    </ClInclude>
    <ClInclude Include="core\cheats\skins\inventory_manager.h">
      <Filter>Header Files</Filter>
    </ClInclude>
    <ClInclude Include="core\cheats\skins\skins.h">
      <Filter>Header Files</Filter>
    </ClInclude>
    <ClInclude Include="core\cheats\subtick\subtick.h">
      <Filter>Header Files</Filter>
    </ClInclude>
    <ClInclude Include="core\cheats\visuals\camera\camera.h">
      <Filter>Header Files</Filter>
    </ClInclude>
    <ClInclude Include="core\cheats\visuals\grenades\grenade.h">
      <Filter>Header Files</Filter>
    </ClInclude>
    <ClInclude Include="core\cheats\visuals\player\player.h">
      <Filter>Header Files</Filter>
    </ClInclude>
    <ClInclude Include="core\cheats\visuals\preview\preview.h">
      <Filter>Header Files</Filter>
    </ClInclude>
    <ClInclude Include="core\cheats\visuals\radar\radar.hpp">
      <Filter>Header Files</Filter>
    </ClInclude>
    <ClInclude Include="core\cheats\visuals\world\effects.h">
      <Filter>Header Files</Filter>
    </ClInclude>
    <ClInclude Include="core\cheats\visuals\world\hitsound.h">
      <Filter>Header Files</Filter>
    </ClInclude>
    <ClInclude Include="core\cheats\visuals\world\sounds.h">
      <Filter>Header Files</Filter>
    </ClInclude>
    <ClInclude Include="core\cheats\visuals\world\world.h">
      <Filter>Header Files</Filter>
    </ClInclude>
    <ClInclude Include="core\cheats\visuals\proccess.h">
      <Filter>Header Files</Filter>
    </ClInclude>
    <ClInclude Include="core\helpers\binary\binary.h">
      <Filter>Header Files</Filter>
    </ClInclude>
    <ClInclude Include="core\helpers\crt\crt.h">
      <Filter>Header Files</Filter>
    </ClInclude>
    <ClInclude Include="core\helpers\import\lazy_importer.hpp">
      <Filter>Header Files</Filter>
    </ClInclude>
    <ClInclude Include="core\helpers\lz4\lz4.h">
      <Filter>Header Files</Filter>
    </ClInclude>
    <ClInclude Include="core\helpers\lz4\lz4frame.h">
      <Filter>Header Files</Filter>
    </ClInclude>
    <ClInclude Include="core\helpers\sprint\stb_sprintf.h">
      <Filter>Header Files</Filter>
    </ClInclude>
    <ClInclude Include="core\helpers\stb_image\stb_image.h">
      <Filter>Header Files</Filter>
    </ClInclude>
    <ClInclude Include="core\helpers\stb_image\stb_image_write.h">
      <Filter>Header Files</Filter>
    </ClInclude>
    <ClInclude Include="core\helpers\stb_image\stb_rect_pack.h">
      <Filter>Header Files</Filter>
    </ClInclude>
    <ClInclude Include="core\helpers\stb_image\stb_sprintf.h">
      <Filter>Header Files</Filter>
    </ClInclude>
    <ClInclude Include="core\helpers\tfm\tinyformat.h">
      <Filter>Header Files</Filter>
    </ClInclude>
    <ClInclude Include="core\helpers\vpk\DXT5Decoder.h">
      <Filter>Header Files</Filter>
    </ClInclude>
    <ClInclude Include="core\helpers\vpk\vtex.h">
      <Filter>Header Files</Filter>
    </ClInclude>
    <ClInclude Include="core\helpers\vpk\VTexParser.h">
      <Filter>Header Files</Filter>
    </ClInclude>
    <ClInclude Include="core\helpers\log.h">
      <Filter>Header Files</Filter>
    </ClInclude>
    <ClInclude Include="core\helpers\pe64.h">
      <Filter>Header Files</Filter>
    </ClInclude>
    <ClInclude Include="core\math\elements\matrix.h">
      <Filter>Header Files</Filter>
    </ClInclude>
    <ClInclude Include="core\math\elements\qangle.h">
      <Filter>Header Files</Filter>
    </ClInclude>
    <ClInclude Include="core\math\elements\quaternion.h">
      <Filter>Header Files</Filter>
    </ClInclude>
    <ClInclude Include="core\math\elements\transform.h">
      <Filter>Header Files</Filter>
    </ClInclude>
    <ClInclude Include="core\math\elements\vector.h">
      <Filter>Header Files</Filter>
    </ClInclude>
    <ClInclude Include="core\math\math.h">
      <Filter>Header Files</Filter>
    </ClInclude>
    <ClInclude Include="core\security\invoke\spoof.hxx">
      <Filter>Header Files</Filter>
    </ClInclude>
    <ClInclude Include="core\security\syscalls\syscall_manager.hxx">
      <Filter>Header Files</Filter>
    </ClInclude>
    <ClInclude Include="core\security\vac\anticheat.h">
      <Filter>Header Files</Filter>
    </ClInclude>
    <ClInclude Include="core\security\vac\symbols.h">
      <Filter>Header Files</Filter>
    </ClInclude>
    <ClInclude Include="core\defs.h">
      <Filter>Header Files</Filter>
    </ClInclude>
    <ClInclude Include="core\utils\base64\base64.h">
      <Filter>Header Files</Filter>
    </ClInclude>
    <ClInclude Include="core\utils\configs\config.h">
      <Filter>Header Files</Filter>
    </ClInclude>
    <ClInclude Include="core\utils\configs\settings.h">
      <Filter>Header Files</Filter>
    </ClInclude>
    <ClInclude Include="core\utils\hook\lib\basehookobj.h">
      <Filter>Header Files</Filter>
    </ClInclude>
    <ClInclude Include="core\utils\hook\hooks.h">
      <Filter>Header Files</Filter>
    </ClInclude>
    <ClInclude Include="core\utils\render\animations\easing.h">
      <Filter>Header Files</Filter>
    </ClInclude>
    <ClInclude Include="core\utils\render\blur\blur.hpp">
      <Filter>Header Files</Filter>
    </ClInclude>
    <ClInclude Include="core\utils\render\blur\pshader.hpp">
      <Filter>Header Files</Filter>
    </ClInclude>
    <ClInclude Include="core\utils\render\d3d11\fonts\inter.h">
      <Filter>Header Files</Filter>
    </ClInclude>
    <ClInclude Include="core\utils\render\d3d11\fonts\pixel.h">
      <Filter>Header Files</Filter>
    </ClInclude>
    <ClInclude Include="core\utils\render\d3d11\fonts\sans.h">
      <Filter>Header Files</Filter>
    </ClInclude>
    <ClInclude Include="core\utils\render\d3d11\fonts\verdana.h">
      <Filter>Header Files</Filter>
    </ClInclude>
    <ClInclude Include="core\utils\render\d3d11\fonts\weapons.h">
      <Filter>Header Files</Filter>
    </ClInclude>
    <ClInclude Include="core\utils\render\d3d11\images\images.h">
      <Filter>Header Files</Filter>
    </ClInclude>
    <ClInclude Include="core\utils\render\d3d11\images\logo.h">
      <Filter>Header Files</Filter>
    </ClInclude>
    <ClInclude Include="core\utils\render\d3d11\images\plus.h">
      <Filter>Header Files</Filter>
    </ClInclude>
    <ClInclude Include="core\utils\render\d3d11\images\share.h">
      <Filter>Header Files</Filter>
    </ClInclude>
    <ClInclude Include="core\utils\render\d3d11\images\shunk.h">
      <Filter>Header Files</Filter>
    </ClInclude>
    <ClInclude Include="core\utils\render\d3d11\images\solar_pen.h">
      <Filter>Header Files</Filter>
    </ClInclude>
    <ClInclude Include="core\utils\render\d3d11\images\solar_user.h">
      <Filter>Header Files</Filter>
    </ClInclude>
    <ClInclude Include="core\utils\render\d3d11\images\trash.h">
      <Filter>Header Files</Filter>
    </ClInclude>
    <ClInclude Include="core\utils\render\d3d11\images\zalupa.h">
      <Filter>Header Files</Filter>
    </ClInclude>
    <ClInclude Include="core\utils\render\d3d11\shaders\cpp\d3d11\pixel\blur_x.h">
      <Filter>Header Files</Filter>
    </ClInclude>
    <ClInclude Include="core\utils\render\d3d11\shaders\cpp\d3d11\pixel\blur_y.h">
      <Filter>Header Files</Filter>
    </ClInclude>
    <ClInclude Include="core\utils\render\d3d11\shaders\cpp\d3d11\pixel\generic.h">
      <Filter>Header Files</Filter>
    </ClInclude>
    <ClInclude Include="core\utils\render\d3d11\shaders\cpp\d3d11\pixel\key.h">
      <Filter>Header Files</Filter>
    </ClInclude>
    <ClInclude Include="core\utils\render\d3d11\shaders\cpp\d3d11\pixel\scissor.h">
      <Filter>Header Files</Filter>
    </ClInclude>
    <ClInclude Include="core\utils\render\d3d11\shaders\cpp\d3d11\pixel\scissor_blur_x.h">
      <Filter>Header Files</Filter>
    </ClInclude>
    <ClInclude Include="core\utils\render\d3d11\shaders\cpp\d3d11\pixel\scissor_blur_y.h">
      <Filter>Header Files</Filter>
    </ClInclude>
    <ClInclude Include="core\utils\render\d3d11\shaders\cpp\d3d11\pixel\scissor_key.h">
      <Filter>Header Files</Filter>
    </ClInclude>
    <ClInclude Include="core\utils\render\d3d11\shaders\cpp\d3d11\vertex\generic.h">
      <Filter>Header Files</Filter>
    </ClInclude>
    <ClInclude Include="core\utils\render\d3d11\shaders\cpp\d3d11\vertex.h">
      <Filter>Header Files</Filter>
    </ClInclude>
    <ClInclude Include="core\utils\render\d3d11\d3d11_manager.hpp">
      <Filter>Header Files</Filter>
    </ClInclude>
    <ClInclude Include="core\utils\render\d3d11\draw_manager.hpp">
      <Filter>Header Files</Filter>
    </ClInclude>
    <ClInclude Include="core\utils\render\d3d11\font.hpp">
      <Filter>Header Files</Filter>
    </ClInclude>
    <ClInclude Include="core\utils\render\d3d11\math.h">
      <Filter>Header Files</Filter>
    </ClInclude>
    <ClInclude Include="core\utils\render\d3d11\render_manager.h">
      <Filter>Header Files</Filter>
    </ClInclude>
    <ClInclude Include="core\utils\render\d3d11\shaders_dx11.hpp">
      <Filter>Header Files</Filter>
    </ClInclude>
    <ClInclude Include="core\utils\render\d3d11\tex_dict_dx11.hpp">
      <Filter>Header Files</Filter>
    </ClInclude>
    <ClInclude Include="core\utils\render\fonts\icon.h">
      <Filter>Header Files</Filter>
    </ClInclude>
    <ClInclude Include="core\utils\render\fonts\modern_icon.hpp">
      <Filter>Header Files</Filter>
    </ClInclude>
    <ClInclude Include="core\utils\render\ui\cope_bg.h">
      <Filter>Header Files</Filter>
    </ClInclude>
    <ClInclude Include="core\utils\render\ui\font_awesome.h">
      <Filter>Header Files</Filter>
    </ClInclude>
    <ClInclude Include="core\utils\render\ui\menu.h">
      <Filter>Header Files</Filter>
    </ClInclude>
    <ClInclude Include="core\utils\render\blur.h">
      <Filter>Header Files</Filter>
    </ClInclude>
    <ClInclude Include="core\utils\render\icon.h">
      <Filter>Header Files</Filter>
    </ClInclude>
    <ClInclude Include="core\utils\render\render.h">
      <Filter>Header Files</Filter>
    </ClInclude>
    <ClInclude Include="core\utils\utils.h">
      <Filter>Header Files</Filter>
    </ClInclude>
    <ClInclude Include="core\sdk\sdk.h">
      <Filter>Header Files</Filter>
    </ClInclude>
    <ClInclude Include="core\sdk\addresses\entity.h">
      <Filter>Header Files</Filter>
    </ClInclude>
    <ClInclude Include="core\sdk\cache\cache_entity.h">
      <Filter>Header Files</Filter>
    </ClInclude>
    <ClInclude Include="core\sdk\datatypes\binding\resourcebinding_t.hpp">
      <Filter>Header Files</Filter>
    </ClInclude>
    <ClInclude Include="core\sdk\datatypes\ckeyvalues\keyvalues.h">
      <Filter>Header Files</Filter>
    </ClInclude>
    <ClInclude Include="core\sdk\datatypes\cusercmd\repfieldcontainer.h">
      <Filter>Header Files</Filter>
    </ClInclude>
    <ClInclude Include="core\sdk\datatypes\cutlbuffer\kv3.h">
      <Filter>Header Files</Filter>
    </ClInclude>
    <ClInclude Include="core\sdk\datatypes\cutlbuffer\utlbuffer.h">
      <Filter>Header Files</Filter>
    </ClInclude>
    <ClInclude Include="core\sdk\datatypes\cutlhandles\binding_handle.hpp">
      <Filter>Header Files</Filter>
    </ClInclude>
    <ClInclude Include="core\sdk\datatypes\cutlhandles\resource_utils.h">
      <Filter>Header Files</Filter>
    </ClInclude>
    <ClInclude Include="core\sdk\datatypes\cutlhandles\strong_handle.hpp">
      <Filter>Header Files</Filter>
    </ClInclude>
    <ClInclude Include="core\sdk\datatypes\cutlhash\byteswap.h">
      <Filter>Header Files</Filter>
    </ClInclude>
    <ClInclude Include="core\sdk\datatypes\cutlhash\cinterlockedint.hpp">
      <Filter>Header Files</Filter>
    </ClInclude>
    <ClInclude Include="core\sdk\datatypes\cutlhash\datamap.h">
      <Filter>Header Files</Filter>
    </ClInclude>
    <ClInclude Include="core\sdk\datatypes\cutlhash\utllinkedlist.h">
      <Filter>Header Files</Filter>
    </ClInclude>
    <ClInclude Include="core\sdk\datatypes\cutlhash\utlmap.h">
      <Filter>Header Files</Filter>
    </ClInclude>
    <ClInclude Include="core\sdk\datatypes\cutlhash\utlrbtree.h">
      <Filter>Header Files</Filter>
    </ClInclude>
    <ClInclude Include="core\sdk\datatypes\cutlhash\utlthash.h">
      <Filter>Header Files</Filter>
    </ClInclude>
    <ClInclude Include="core\sdk\datatypes\cutlmemory\utlfixedmemory.h">
      <Filter>Header Files</Filter>
    </ClInclude>
    <ClInclude Include="core\sdk\datatypes\cutlmemory\utlmemory.h">
      <Filter>Header Files</Filter>
    </ClInclude>
    <ClInclude Include="core\sdk\datatypes\cutlstring\utlbufferstring.h">
      <Filter>Header Files</Filter>
    </ClInclude>
    <ClInclude Include="core\sdk\datatypes\cutlstring\utlstring.h">
      <Filter>Header Files</Filter>
    </ClInclude>
    <ClInclude Include="core\sdk\datatypes\cutlstring\utlstringtoken.h">
      <Filter>Header Files</Filter>
    </ClInclude>
    <ClInclude Include="core\sdk\datatypes\cutlvectors\utlvector.h">
      <Filter>Header Files</Filter>
    </ClInclude>
    <ClInclude Include="core\sdk\datatypes\cutlvectors\viewsetup.h">
      <Filter>Header Files</Filter>
    </ClInclude>
    <ClInclude Include="core\sdk\datatypes\serialize\serialize.h">
      <Filter>Header Files</Filter>
    </ClInclude>
    <ClInclude Include="core\sdk\datatypes\color.h">
      <Filter>Header Files</Filter>
    </ClInclude>
    <ClInclude Include="core\sdk\handle\handle.hpp">
      <Filter>Header Files</Filter>
    </ClInclude>
    <ClInclude Include="core\sdk\interfaces\csgoinput.h">
      <Filter>Header Files</Filter>
    </ClInclude>
    <ClInclude Include="core\sdk\interfaces\cvar.h">
      <Filter>Header Files</Filter>
    </ClInclude>
    <ClInclude Include="core\sdk\interfaces\engineclient.h">
      <Filter>Header Files</Filter>
    </ClInclude>
    <ClInclude Include="core\sdk\interfaces\entitysystem.h">
      <Filter>Header Files</Filter>
    </ClInclude>
    <ClInclude Include="core\sdk\interfaces\filesystem.h">
      <Filter>Header Files</Filter>
    </ClInclude>
    <ClInclude Include="core\sdk\interfaces\game_event.h">
      <Filter>Header Files</Filter>
    </ClInclude>
    <ClInclude Include="core\sdk\interfaces\globalvars.h">
      <Filter>Header Files</Filter>
    </ClInclude>
    <ClInclude Include="core\sdk\interfaces\inputsystem.h">
      <Filter>Header Files</Filter>
    </ClInclude>
    <ClInclude Include="core\sdk\interfaces\materialsystem.h">
      <Filter>Header Files</Filter>
    </ClInclude>
    <ClInclude Include="core\sdk\interfaces\memory.h">
      <Filter>Header Files</Filter>
    </ClInclude>
    <ClInclude Include="core\sdk\interfaces\network.h">
      <Filter>Header Files</Filter>
    </ClInclude>
    <ClInclude Include="core\sdk\interfaces\particles.h">
      <Filter>Header Files</Filter>
    </ClInclude>
    <ClInclude Include="core\sdk\interfaces\prediction.h">
      <Filter>Header Files</Filter>
    </ClInclude>
    <ClInclude Include="core\sdk\interfaces\resourcesystem.h">
      <Filter>Header Files</Filter>
    </ClInclude>
    <ClInclude Include="core\sdk\interfaces\schemasystem.h">
      <Filter>Header Files</Filter>
    </ClInclude>
    <ClInclude Include="core\sdk\interfaces\swapchain.h">
      <Filter>Header Files</Filter>
    </ClInclude>
    <ClInclude Include="core\sdk\interfaces\trace.h">
      <Filter>Header Files</Filter>
    </ClInclude>
    <ClInclude Include="core\sdk\schema\schema.h">
      <Filter>Header Files</Filter>
    </ClInclude>
  </ItemGroup>
  <ItemGroup>
    <Library Include="deps\freetype\binary\freetype.lib" />
    <Library Include="deps\freetype\binary\freetype_debug.lib" />
    <Library Include="core\helpers\lz4\lz4.lib" />
  </ItemGroup>
  <ItemGroup>
    <None Include="cpp.hint" />
    <None Include="core\security\invoke\spoof_stub.asm">
      <Filter>Source Files</Filter>
    </None>
    <None Include="core\security\vac\minwin.asm">
      <Filter>Source Files</Filter>
    </None>
  </ItemGroup>
  <ItemGroup>
    <ResourceCompile Include="halfhook-cs2.rc">
      <Filter>Resource Files</Filter>
    </ResourceCompile>
  </ItemGroup>
</Project>