<?xml version="1.0" encoding="utf-8"?>
<Project ToolsVersion="4.0" xmlns="http://schemas.microsoft.com/developer/msbuild/2003">
  <ItemGroup>
    <ClCompile Include="app\core\config\config.cpp" />
    <ClCompile Include="app\core\entry\entry.cpp" />
    <ClCompile Include="app\features\aimbot\aimbot.cpp" />
    <ClCompile Include="app\features\entity_cache\entity_cache.cpp" />
    <ClCompile Include="app\features\menu\input\input.cpp" />
    <ClCompile Include="app\features\menu\menu.cpp" />
    <ClCompile Include="app\features\menu\widgets\checkbox.cpp" />
    <ClCompile Include="app\features\menu\widgets\colorpicker.cpp" />
    <ClCompile Include="app\features\menu\widgets\feature_seperator.cpp" />
    <ClCompile Include="app\features\menu\widgets\slider_float.cpp" />
    <ClCompile Include="app\features\menu\widgets\slider_int.cpp" />
    <ClCompile Include="app\features\menu\widgets\tab_selector.cpp" />
    <ClCompile Include="app\main.cpp" />
    <ClCompile Include="app\renderer\renderer.cpp" />
    <ClCompile Include="app\renderer\window_handler.cpp" />
    <ClCompile Include="app\security.cpp" />
    <ClCompile Include="app\utilities\cmd\cmd.cpp" />
    <ClCompile Include="valve\classes\classes.cpp" />
    <ClCompile Include="valve\schema\schema.cpp" />
    <ClCompile Include="valve\sdk\sdk.cpp" />
    <ClCompile Include="app\features\menu\widgets\groupbox.cpp" />
    <ClCompile Include="app\features\rcs\rcs.cpp" />
    <ClCompile Include="valve\convar\convar.cpp" />
    <ClCompile Include="valve\parser\parser.cpp" />
    <ClCompile Include="app\features\menu\widgets\combobox.cpp" />
    <ClCompile Include="app\features\damage\damage.cpp" />
    <ClCompile Include="app\features\esp\esp.cpp" />
    <ClCompile Include="app\features\autowall\autowall.cpp" />
    <ClCompile Include="valve\trace\trace.cpp" />
    <ClCompile Include="app\features\triggerbot\triggerbot.cpp" />
    <ClCompile Include="app\features\menu\widgets\dynamic_multicombo.cpp" />
    <ClCompile Include="app\core\downloads\downloads.cpp" />
    <ClCompile Include="valve\math\vector3d.cpp" />
    <ClCompile Include="app\features\menu\widgets\button.cpp" />
    <ClCompile Include="app\features\menu\widgets\text_input.cpp" />
    <ClCompile Include="app\features\menu\widgets\dynamic_combobox.cpp" />
    <ClCompile Include="app\core\console_hijack\console_hijack.cpp" />
    <ClCompile Include="app\features\misc\misc.cpp" />
    <ClCompile Include="app\features\misc\nade helper\nade_helper.cpp" />
    <ClCompile Include="app\utilities\memory\driver\mapper\intel_driver.cpp" />
    <ClCompile Include="app\utilities\memory\driver\mapper\kdmapper.cpp" />
    <ClCompile Include="app\utilities\memory\driver\mapper\kdutils.cpp" />
    <ClCompile Include="app\utilities\memory\driver\mapper\portable_executable.cpp" />
    <ClCompile Include="app\utilities\memory\driver\mapper\service.cpp" />
    <ClCompile Include="app\utilities\memory\driver\driver.cpp" />
  </ItemGroup>
  <ItemGroup>
    <ClInclude Include="app\core\config\config.h" />
    <ClInclude Include="app\core\entry\entry.h" />
    <ClInclude Include="app\features\aimbot\aimbot.h" />
    <ClInclude Include="app\features\c_base_feature.h" />
    <ClInclude Include="app\features\entity_cache\entity_cache.h" />
    <ClInclude Include="app\features\menu\input\input.h" />
    <ClInclude Include="app\features\menu\menu.h" />
    <ClInclude Include="app\features\menu\widgets\base_widget.h" />
    <ClInclude Include="app\features\menu\widgets\checkbox.h" />
    <ClInclude Include="app\features\menu\widgets\colorpicker.h" />
    <ClInclude Include="app\features\menu\widgets\feature_seperator.h" />
    <ClInclude Include="app\features\menu\widgets\slider_float.h" />
    <ClInclude Include="app\features\menu\widgets\slider_int.h" />
    <ClInclude Include="app\features\menu\widgets\tab_selector.h" />
    <ClInclude Include="app\renderer\renderer.h" />
    <ClInclude Include="app\renderer\window_handler.h" />
    <ClInclude Include="app\security.h" />
    <ClInclude Include="app\utilities\cmd\cmd.h" />
    <ClInclude Include="app\utilities\color.h" />
    <ClInclude Include="app\utilities\daisy.h" />
    <ClInclude Include="app\utilities\globals.h" />
    <ClInclude Include="app\utilities\includes.h" />
    <ClInclude Include="app\utilities\memory\fnv1a.h" />
    <ClInclude Include="app\utilities\memory\includes\cutlhash.h" />
    <ClInclude Include="app\utilities\memory\memory.h" />
    <ClInclude Include="app\utilities\memory\mem_def.h" />
    <ClInclude Include="app\utilities\memory\xor.h" />
    <ClInclude Include="app\utilities\stb.h" />
    <ClInclude Include="valve\classes\players\c_base_entity.h" />
    <ClInclude Include="valve\classes\players\game_scene_node.h" />
    <ClInclude Include="valve\classes\players\players.h" />
    <ClInclude Include="valve\classes\players\player_pawn.h" />
    <ClInclude Include="valve\interfaces\ISchemaSystem.h" />
    <ClInclude Include="valve\math\vector2d.h" />
    <ClInclude Include="valve\math\vector3d.h" />
    <ClInclude Include="valve\offsets.h" />
    <ClInclude Include="valve\schema\schema.h" />
    <ClInclude Include="valve\sdk\sdk.h" />
    <ClInclude Include="valve\math\matrix4x4.h" />
    <ClInclude Include="app\features\menu\widgets\groupbox.h" />
    <ClInclude Include="app\features\rcs\rcs.h" />
    <ClInclude Include="valve\classes\players\c_base_weapon.h" />
    <ClInclude Include="valve\classes\csgoinput\csgoinput.h" />
    <ClInclude Include="app\features\mouse\mouse.h" />
    <ClInclude Include="valve\convar\convar.h" />
    <ClInclude Include="valve\math\utl_containers.h" />
    <ClInclude Include="valve\parser\parser.h" />
    <ClInclude Include="valve\classes\globals\global_vars.h" />
    <ClInclude Include="app\features\menu\widgets\combobox.h" />
    <ClInclude Include="valve\math\math.h" />
    <ClInclude Include="app\features\esp\esp.h" />
    <ClInclude Include="app\features\damage\damage.h" />
    <ClInclude Include="app\features\damage\sound.h" />
    <ClInclude Include="valve\math\matrix3x4.h" />
    <ClInclude Include="valve\classes\hitboxes\hitbox_studio.h" />
    <ClInclude Include="app\features\autowall\autowall.h" />
    <ClInclude Include="valve\trace\trace.h" />
    <ClInclude Include="valve\math\vector4d.h" />
    <ClInclude Include="app\features\triggerbot\triggerbot.h" />
    <ClInclude Include="app\features\menu\widgets\dynamic_multicombo.h" />
    <ClInclude Include="app\core\downloads\downloads.h" />
    <ClInclude Include="app\core\vpk\vpk_radar.h" />
    <ClInclude Include="app\features\notifications\notifications.h" />
    <ClInclude Include="app\renderer\limiter.h" />
    <ClInclude Include="app\features\menu\widgets\button.h" />
    <ClInclude Include="app\features\menu\widgets\same_line.h" />
    <ClInclude Include="app\features\menu\widgets\text_input.h" />
    <ClInclude Include="app\features\menu\widgets\dynamic_combobox.h" />
    <ClInclude Include="app\core\console_hijack\console_hijack.h" />
    <ClInclude Include="app\features\misc\misc.h" />
    <ClInclude Include="app\utilities\handler.h" />
    <ClInclude Include="app\features\misc\nade helper\nade_helper.h" />
    <ClInclude Include="app\utilities\memory\driver\mapper\intel_driver.hpp" />
    <ClInclude Include="app\utilities\memory\driver\mapper\intel_driver_resource.hpp" />
    <ClInclude Include="app\utilities\memory\driver\mapper\kdmapper.hpp" />
    <ClInclude Include="app\utilities\memory\driver\mapper\KDSymbolsHandler.h" />
    <ClInclude Include="app\utilities\memory\driver\mapper\kdutils.hpp" />
    <ClInclude Include="app\utilities\memory\driver\mapper\nt.hpp" />
    <ClInclude Include="app\utilities\memory\driver\mapper\portable_executable.hpp" />
    <ClInclude Include="app\utilities\memory\driver\mapper\service.hpp" />
    <ClInclude Include="app\utilities\memory\driver\driver.h" />
    <ClInclude Include="app\renderer\fonts.h" />
  </ItemGroup>
</Project>